# THIS IS AN AUTOGENERATED FILE. DO NOT EDIT THIS FILE DIRECTLY.
# yarn lockfile v1


chromatic@^6.4.1:
  version "6.4.1"
  resolved "https://registry.yarnpkg.com/chromatic/-/chromatic-6.4.1.tgz#fd8fad82282be030f4e4697dd992bbcbcbe75dc9"
  integrity sha512-i3WLhIORS8vu9OStJwPQ487/MYZiXT7byU5c9we1Vvfus/w1Kwbj/2n11EozokomGEw5o3VAeiRrZkTCXM8xew==
